
Microsoft Visual Studio Solution File, Format Version 12.00
# Visual Studio 14
VisualStudioVersion = 14.0.25420.1
MinimumVisualStudioVersion = 10.0.40219.1
Project("{2150E333-8FDC-42A3-9474-1A3956D46DE8}") = "01-UserInterface", "01-UserInterface", "{6458E668-0F39-4435-AA11-D933D9F72E66}"
EndProject
Project("{2150E333-8FDC-42A3-9474-1A3956D46DE8}") = "02-BusinessLogicLayer", "02-BusinessLogicLayer", "{593EC80C-FC44-4A92-9441-C62291719307}"
EndProject
Project("{2150E333-8FDC-42A3-9474-1A3956D46DE8}") = "03-DataAccessLayer", "03-DataAccessLayer", "{19B912F1-0537-4968-8BCA-1D1AD663423F}"
EndProject
Project("{2150E333-8FDC-42A3-9474-1A3956D46DE8}") = "04-Domain", "04-Domain", "{9A3EE445-BB80-41D0-8035-711175F8C6C3}"
EndProject
Project("{2150E333-8FDC-42A3-9474-1A3956D46DE8}") = "05-Infrastructure", "05-Infrastructure", "{59E1B87B-736C-47D1-B36C-C8FA0E41C1BC}"
EndProject
Project("{FAE04EC0-301F-11D3-BF4B-00C04F79EFBC}") = "Shaka.Utils", "05-Infrastructure\Utils\Shaka.Utils.csproj", "{9F54F2BF-7004-490D-80AE-7F35AF9266E1}"
EndProject
Project("{FAE04EC0-301F-11D3-BF4B-00C04F79EFBC}") = "Shaka.Model", "04-Domain\Model\Shaka.Model.csproj", "{53F43E8E-67D7-4B48-A126-23A016145783}"
EndProject
Project("{FAE04EC0-301F-11D3-BF4B-00C04F79EFBC}") = "Shaka.DALFactory", "03-DataAccessLayer\DALFactory\Shaka.DALFactory.csproj", "{439CA4EA-7D45-4441-8BA4-D359386A2C01}"
EndProject
Project("{FAE04EC0-301F-11D3-BF4B-00C04F79EFBC}") = "Shaka.IDAL", "03-DataAccessLayer\IDAL\Shaka.IDAL.csproj", "{FFC181CF-7193-412C-82BB-1C536940DCF5}"
EndProject
Project("{FAE04EC0-301F-11D3-BF4B-00C04F79EFBC}") = "Shaka.SQLServerDAL", "03-DataAccessLayer\SQLServerDAL\Shaka.SQLServerDAL.csproj", "{40A0BAFD-4907-454E-94BD-22F6AB2DA68E}"
EndProject
Project("{FAE04EC0-301F-11D3-BF4B-00C04F79EFBC}") = "Shaka.BLL", "02-BusinessLogicLayer\BLL\Shaka.BLL.csproj", "{AFEF1010-AE80-441B-BDC2-F959EA878D82}"
EndProject
Project("{FAE04EC0-301F-11D3-BF4B-00C04F79EFBC}") = "Shaka.YeZiLiu", "01-UserInterface\YeZiLiu\Shaka.YeZiLiu.csproj", "{5B1FF366-A966-42BE-9020-772C5B7CFA6A}"
EndProject
Project("{FAE04EC0-301F-11D3-BF4B-00C04F79EFBC}") = "WinformTest", "01-UserInterface\WinformTest\WinformTest.csproj", "{482AE216-870F-4402-AC19-0402B2DCCD8E}"
EndProject
Global
	GlobalSection(SolutionConfigurationPlatforms) = preSolution
		Debug|Any CPU = Debug|Any CPU
		Debug|Mixed Platforms = Debug|Mixed Platforms
		Debug|x86 = Debug|x86
		Release|Any CPU = Release|Any CPU
		Release|Mixed Platforms = Release|Mixed Platforms
		Release|x86 = Release|x86
	EndGlobalSection
	GlobalSection(ProjectConfigurationPlatforms) = postSolution
		{9F54F2BF-7004-490D-80AE-7F35AF9266E1}.Debug|Any CPU.ActiveCfg = Debug|Any CPU
		{9F54F2BF-7004-490D-80AE-7F35AF9266E1}.Debug|Any CPU.Build.0 = Debug|Any CPU
		{9F54F2BF-7004-490D-80AE-7F35AF9266E1}.Debug|Mixed Platforms.ActiveCfg = Debug|Any CPU
		{9F54F2BF-7004-490D-80AE-7F35AF9266E1}.Debug|Mixed Platforms.Build.0 = Debug|Any CPU
		{9F54F2BF-7004-490D-80AE-7F35AF9266E1}.Debug|x86.ActiveCfg = Debug|Any CPU
		{9F54F2BF-7004-490D-80AE-7F35AF9266E1}.Release|Any CPU.ActiveCfg = Release|Any CPU
		{9F54F2BF-7004-490D-80AE-7F35AF9266E1}.Release|Any CPU.Build.0 = Release|Any CPU
		{9F54F2BF-7004-490D-80AE-7F35AF9266E1}.Release|Mixed Platforms.ActiveCfg = Release|Any CPU
		{9F54F2BF-7004-490D-80AE-7F35AF9266E1}.Release|Mixed Platforms.Build.0 = Release|Any CPU
		{9F54F2BF-7004-490D-80AE-7F35AF9266E1}.Release|x86.ActiveCfg = Release|Any CPU
		{53F43E8E-67D7-4B48-A126-23A016145783}.Debug|Any CPU.ActiveCfg = Debug|Any CPU
		{53F43E8E-67D7-4B48-A126-23A016145783}.Debug|Any CPU.Build.0 = Debug|Any CPU
		{53F43E8E-67D7-4B48-A126-23A016145783}.Debug|Mixed Platforms.ActiveCfg = Debug|Any CPU
		{53F43E8E-67D7-4B48-A126-23A016145783}.Debug|Mixed Platforms.Build.0 = Debug|Any CPU
		{53F43E8E-67D7-4B48-A126-23A016145783}.Debug|x86.ActiveCfg = Debug|Any CPU
		{53F43E8E-67D7-4B48-A126-23A016145783}.Release|Any CPU.ActiveCfg = Release|Any CPU
		{53F43E8E-67D7-4B48-A126-23A016145783}.Release|Any CPU.Build.0 = Release|Any CPU
		{53F43E8E-67D7-4B48-A126-23A016145783}.Release|Mixed Platforms.ActiveCfg = Release|Any CPU
		{53F43E8E-67D7-4B48-A126-23A016145783}.Release|Mixed Platforms.Build.0 = Release|Any CPU
		{53F43E8E-67D7-4B48-A126-23A016145783}.Release|x86.ActiveCfg = Release|Any CPU
		{439CA4EA-7D45-4441-8BA4-D359386A2C01}.Debug|Any CPU.ActiveCfg = Debug|Any CPU
		{439CA4EA-7D45-4441-8BA4-D359386A2C01}.Debug|Any CPU.Build.0 = Debug|Any CPU
		{439CA4EA-7D45-4441-8BA4-D359386A2C01}.Debug|Mixed Platforms.ActiveCfg = Debug|Any CPU
		{439CA4EA-7D45-4441-8BA4-D359386A2C01}.Debug|Mixed Platforms.Build.0 = Debug|Any CPU
		{439CA4EA-7D45-4441-8BA4-D359386A2C01}.Debug|x86.ActiveCfg = Debug|Any CPU
		{439CA4EA-7D45-4441-8BA4-D359386A2C01}.Release|Any CPU.ActiveCfg = Release|Any CPU
		{439CA4EA-7D45-4441-8BA4-D359386A2C01}.Release|Any CPU.Build.0 = Release|Any CPU
		{439CA4EA-7D45-4441-8BA4-D359386A2C01}.Release|Mixed Platforms.ActiveCfg = Release|Any CPU
		{439CA4EA-7D45-4441-8BA4-D359386A2C01}.Release|Mixed Platforms.Build.0 = Release|Any CPU
		{439CA4EA-7D45-4441-8BA4-D359386A2C01}.Release|x86.ActiveCfg = Release|Any CPU
		{FFC181CF-7193-412C-82BB-1C536940DCF5}.Debug|Any CPU.ActiveCfg = Debug|Any CPU
		{FFC181CF-7193-412C-82BB-1C536940DCF5}.Debug|Any CPU.Build.0 = Debug|Any CPU
		{FFC181CF-7193-412C-82BB-1C536940DCF5}.Debug|Mixed Platforms.ActiveCfg = Debug|Any CPU
		{FFC181CF-7193-412C-82BB-1C536940DCF5}.Debug|Mixed Platforms.Build.0 = Debug|Any CPU
		{FFC181CF-7193-412C-82BB-1C536940DCF5}.Debug|x86.ActiveCfg = Debug|Any CPU
		{FFC181CF-7193-412C-82BB-1C536940DCF5}.Release|Any CPU.ActiveCfg = Release|Any CPU
		{FFC181CF-7193-412C-82BB-1C536940DCF5}.Release|Any CPU.Build.0 = Release|Any CPU
		{FFC181CF-7193-412C-82BB-1C536940DCF5}.Release|Mixed Platforms.ActiveCfg = Release|Any CPU
		{FFC181CF-7193-412C-82BB-1C536940DCF5}.Release|Mixed Platforms.Build.0 = Release|Any CPU
		{FFC181CF-7193-412C-82BB-1C536940DCF5}.Release|x86.ActiveCfg = Release|Any CPU
		{40A0BAFD-4907-454E-94BD-22F6AB2DA68E}.Debug|Any CPU.ActiveCfg = Debug|Any CPU
		{40A0BAFD-4907-454E-94BD-22F6AB2DA68E}.Debug|Any CPU.Build.0 = Debug|Any CPU
		{40A0BAFD-4907-454E-94BD-22F6AB2DA68E}.Debug|Mixed Platforms.ActiveCfg = Debug|Any CPU
		{40A0BAFD-4907-454E-94BD-22F6AB2DA68E}.Debug|Mixed Platforms.Build.0 = Debug|Any CPU
		{40A0BAFD-4907-454E-94BD-22F6AB2DA68E}.Debug|x86.ActiveCfg = Debug|Any CPU
		{40A0BAFD-4907-454E-94BD-22F6AB2DA68E}.Release|Any CPU.ActiveCfg = Release|Any CPU
		{40A0BAFD-4907-454E-94BD-22F6AB2DA68E}.Release|Any CPU.Build.0 = Release|Any CPU
		{40A0BAFD-4907-454E-94BD-22F6AB2DA68E}.Release|Mixed Platforms.ActiveCfg = Release|Any CPU
		{40A0BAFD-4907-454E-94BD-22F6AB2DA68E}.Release|Mixed Platforms.Build.0 = Release|Any CPU
		{40A0BAFD-4907-454E-94BD-22F6AB2DA68E}.Release|x86.ActiveCfg = Release|Any CPU
		{AFEF1010-AE80-441B-BDC2-F959EA878D82}.Debug|Any CPU.ActiveCfg = Debug|Any CPU
		{AFEF1010-AE80-441B-BDC2-F959EA878D82}.Debug|Any CPU.Build.0 = Debug|Any CPU
		{AFEF1010-AE80-441B-BDC2-F959EA878D82}.Debug|Mixed Platforms.ActiveCfg = Debug|Any CPU
		{AFEF1010-AE80-441B-BDC2-F959EA878D82}.Debug|Mixed Platforms.Build.0 = Debug|Any CPU
		{AFEF1010-AE80-441B-BDC2-F959EA878D82}.Debug|x86.ActiveCfg = Debug|Any CPU
		{AFEF1010-AE80-441B-BDC2-F959EA878D82}.Release|Any CPU.ActiveCfg = Release|Any CPU
		{AFEF1010-AE80-441B-BDC2-F959EA878D82}.Release|Any CPU.Build.0 = Release|Any CPU
		{AFEF1010-AE80-441B-BDC2-F959EA878D82}.Release|Mixed Platforms.ActiveCfg = Release|Any CPU
		{AFEF1010-AE80-441B-BDC2-F959EA878D82}.Release|Mixed Platforms.Build.0 = Release|Any CPU
		{AFEF1010-AE80-441B-BDC2-F959EA878D82}.Release|x86.ActiveCfg = Release|Any CPU
		{5B1FF366-A966-42BE-9020-772C5B7CFA6A}.Debug|Any CPU.ActiveCfg = Debug|Any CPU
		{5B1FF366-A966-42BE-9020-772C5B7CFA6A}.Debug|Any CPU.Build.0 = Debug|Any CPU
		{5B1FF366-A966-42BE-9020-772C5B7CFA6A}.Debug|Mixed Platforms.ActiveCfg = Debug|Any CPU
		{5B1FF366-A966-42BE-9020-772C5B7CFA6A}.Debug|Mixed Platforms.Build.0 = Debug|Any CPU
		{5B1FF366-A966-42BE-9020-772C5B7CFA6A}.Debug|x86.ActiveCfg = Debug|Any CPU
		{5B1FF366-A966-42BE-9020-772C5B7CFA6A}.Release|Any CPU.ActiveCfg = Release|Any CPU
		{5B1FF366-A966-42BE-9020-772C5B7CFA6A}.Release|Any CPU.Build.0 = Release|Any CPU
		{5B1FF366-A966-42BE-9020-772C5B7CFA6A}.Release|Mixed Platforms.ActiveCfg = Release|Any CPU
		{5B1FF366-A966-42BE-9020-772C5B7CFA6A}.Release|Mixed Platforms.Build.0 = Release|Any CPU
		{5B1FF366-A966-42BE-9020-772C5B7CFA6A}.Release|x86.ActiveCfg = Release|Any CPU
		{482AE216-870F-4402-AC19-0402B2DCCD8E}.Debug|Any CPU.ActiveCfg = Debug|Any CPU
		{482AE216-870F-4402-AC19-0402B2DCCD8E}.Debug|Any CPU.Build.0 = Debug|Any CPU
		{482AE216-870F-4402-AC19-0402B2DCCD8E}.Debug|Mixed Platforms.ActiveCfg = Debug|Any CPU
		{482AE216-870F-4402-AC19-0402B2DCCD8E}.Debug|Mixed Platforms.Build.0 = Debug|Any CPU
		{482AE216-870F-4402-AC19-0402B2DCCD8E}.Debug|x86.ActiveCfg = Debug|Any CPU
		{482AE216-870F-4402-AC19-0402B2DCCD8E}.Debug|x86.Build.0 = Debug|Any CPU
		{482AE216-870F-4402-AC19-0402B2DCCD8E}.Release|Any CPU.ActiveCfg = Release|Any CPU
		{482AE216-870F-4402-AC19-0402B2DCCD8E}.Release|Any CPU.Build.0 = Release|Any CPU
		{482AE216-870F-4402-AC19-0402B2DCCD8E}.Release|Mixed Platforms.ActiveCfg = Release|Any CPU
		{482AE216-870F-4402-AC19-0402B2DCCD8E}.Release|Mixed Platforms.Build.0 = Release|Any CPU
		{482AE216-870F-4402-AC19-0402B2DCCD8E}.Release|x86.ActiveCfg = Release|Any CPU
		{482AE216-870F-4402-AC19-0402B2DCCD8E}.Release|x86.Build.0 = Release|Any CPU
	EndGlobalSection
	GlobalSection(SolutionProperties) = preSolution
		HideSolutionNode = FALSE
	EndGlobalSection
	GlobalSection(NestedProjects) = preSolution
		{9F54F2BF-7004-490D-80AE-7F35AF9266E1} = {59E1B87B-736C-47D1-B36C-C8FA0E41C1BC}
		{53F43E8E-67D7-4B48-A126-23A016145783} = {9A3EE445-BB80-41D0-8035-711175F8C6C3}
		{439CA4EA-7D45-4441-8BA4-D359386A2C01} = {19B912F1-0537-4968-8BCA-1D1AD663423F}
		{FFC181CF-7193-412C-82BB-1C536940DCF5} = {19B912F1-0537-4968-8BCA-1D1AD663423F}
		{40A0BAFD-4907-454E-94BD-22F6AB2DA68E} = {19B912F1-0537-4968-8BCA-1D1AD663423F}
		{AFEF1010-AE80-441B-BDC2-F959EA878D82} = {593EC80C-FC44-4A92-9441-C62291719307}
		{5B1FF366-A966-42BE-9020-772C5B7CFA6A} = {6458E668-0F39-4435-AA11-D933D9F72E66}
		{482AE216-870F-4402-AC19-0402B2DCCD8E} = {6458E668-0F39-4435-AA11-D933D9F72E66}
	EndGlobalSection
EndGlobal
