
Microsoft Visual Studio Solution File, Format Version 12.00
# Visual Studio 14
VisualStudioVersion = 14.0.24720.0
MinimumVisualStudioVersion = 10.0.40219.1
Project("{FAE04EC0-301F-11D3-BF4B-00C04F79EFBC}") = "AOPTest", "AOPTest\AOPTest.csproj", "{4D0558EE-AF57-47F5-B9F2-A7536A0888BD}"
EndProject
Project("{FAE04EC0-301F-11D3-BF4B-00C04F79EFBC}") = "Tablet.REV.SimpleAOP", "Tablet.REV.SimpleAOP\Tablet.REV.SimpleAOP.csproj", "{EEE8ECCD-C444-4013-B0E8-D8AD59B36912}"
EndProject
Project("{FAE04EC0-301F-11D3-BF4B-00C04F79EFBC}") = "Tablet.REV.Model", "Tablet.REV.Model\Tablet.REV.Model.csproj", "{6E91B0E5-2E6E-4BC7-94CC-D6CE40F18A5E}"
EndProject
Global
	GlobalSection(SolutionConfigurationPlatforms) = preSolution
		Debug|Any CPU = Debug|Any CPU
		Release|Any CPU = Release|Any CPU
	EndGlobalSection
	GlobalSection(ProjectConfigurationPlatforms) = postSolution
		{4D0558EE-AF57-47F5-B9F2-A7536A0888BD}.Debug|Any CPU.ActiveCfg = Debug|Any CPU
		{4D0558EE-AF57-47F5-B9F2-A7536A0888BD}.Debug|Any CPU.Build.0 = Debug|Any CPU
		{4D0558EE-AF57-47F5-B9F2-A7536A0888BD}.Release|Any CPU.ActiveCfg = Release|Any CPU
		{4D0558EE-AF57-47F5-B9F2-A7536A0888BD}.Release|Any CPU.Build.0 = Release|Any CPU
		{EEE8ECCD-C444-4013-B0E8-D8AD59B36912}.Debug|Any CPU.ActiveCfg = Debug|Any CPU
		{EEE8ECCD-C444-4013-B0E8-D8AD59B36912}.Debug|Any CPU.Build.0 = Debug|Any CPU
		{EEE8ECCD-C444-4013-B0E8-D8AD59B36912}.Release|Any CPU.ActiveCfg = Release|Any CPU
		{EEE8ECCD-C444-4013-B0E8-D8AD59B36912}.Release|Any CPU.Build.0 = Release|Any CPU
		{6E91B0E5-2E6E-4BC7-94CC-D6CE40F18A5E}.Debug|Any CPU.ActiveCfg = Debug|Any CPU
		{6E91B0E5-2E6E-4BC7-94CC-D6CE40F18A5E}.Debug|Any CPU.Build.0 = Debug|Any CPU
		{6E91B0E5-2E6E-4BC7-94CC-D6CE40F18A5E}.Release|Any CPU.ActiveCfg = Release|Any CPU
		{6E91B0E5-2E6E-4BC7-94CC-D6CE40F18A5E}.Release|Any CPU.Build.0 = Release|Any CPU
	EndGlobalSection
	GlobalSection(SolutionProperties) = preSolution
		HideSolutionNode = FALSE
	EndGlobalSection
EndGlobal
