
Microsoft Visual Studio Solution File, Format Version 12.00
# Visual Studio 14
VisualStudioVersion = 14.0.24720.0
MinimumVisualStudioVersion = 10.0.40219.1
Project("{FAE04EC0-301F-11D3-BF4B-00C04F79EFBC}") = "MessageCommunicationA", "MessageCommunicationA\MessageCommunicationA.csproj", "{938C5AD8-9498-459A-94A1-AB8669A0EB5D}"
EndProject
Project("{FAE04EC0-301F-11D3-BF4B-00C04F79EFBC}") = "Shaka.Utils", "Shaka.Utils\Shaka.Utils.csproj", "{4F7090D0-521E-4A19-B316-2983BFA288A8}"
EndProject
Project("{FAE04EC0-301F-11D3-BF4B-00C04F79EFBC}") = "MessageCommunicationB", "MessageCommunicationB\MessageCommunicationB.csproj", "{18794AA7-A9D3-43EE-B567-B5731CEF6FFD}"
EndProject
Global
	GlobalSection(SolutionConfigurationPlatforms) = preSolution
		Debug|Any CPU = Debug|Any CPU
		Release|Any CPU = Release|Any CPU
	EndGlobalSection
	GlobalSection(ProjectConfigurationPlatforms) = postSolution
		{938C5AD8-9498-459A-94A1-AB8669A0EB5D}.Debug|Any CPU.ActiveCfg = Debug|Any CPU
		{938C5AD8-9498-459A-94A1-AB8669A0EB5D}.Debug|Any CPU.Build.0 = Debug|Any CPU
		{938C5AD8-9498-459A-94A1-AB8669A0EB5D}.Release|Any CPU.ActiveCfg = Release|Any CPU
		{938C5AD8-9498-459A-94A1-AB8669A0EB5D}.Release|Any CPU.Build.0 = Release|Any CPU
		{4F7090D0-521E-4A19-B316-2983BFA288A8}.Debug|Any CPU.ActiveCfg = Debug|Any CPU
		{4F7090D0-521E-4A19-B316-2983BFA288A8}.Debug|Any CPU.Build.0 = Debug|Any CPU
		{4F7090D0-521E-4A19-B316-2983BFA288A8}.Release|Any CPU.ActiveCfg = Release|Any CPU
		{4F7090D0-521E-4A19-B316-2983BFA288A8}.Release|Any CPU.Build.0 = Release|Any CPU
		{18794AA7-A9D3-43EE-B567-B5731CEF6FFD}.Debug|Any CPU.ActiveCfg = Debug|Any CPU
		{18794AA7-A9D3-43EE-B567-B5731CEF6FFD}.Debug|Any CPU.Build.0 = Debug|Any CPU
		{18794AA7-A9D3-43EE-B567-B5731CEF6FFD}.Release|Any CPU.ActiveCfg = Release|Any CPU
		{18794AA7-A9D3-43EE-B567-B5731CEF6FFD}.Release|Any CPU.Build.0 = Release|Any CPU
	EndGlobalSection
	GlobalSection(SolutionProperties) = preSolution
		HideSolutionNode = FALSE
	EndGlobalSection
EndGlobal
