
Microsoft Visual Studio Solution File, Format Version 10.00
# Visual Studio 2008
Project("{FAE04EC0-301F-11D3-BF4B-00C04F79EFBC}") = "01-BLL", "01-BLL\01-BLL.csproj", "{D01F42CF-22E6-456E-BEB9-A4F6CE6E5242}"
EndProject
Project("{FAE04EC0-301F-11D3-BF4B-00C04F79EFBC}") = "02-DAL", "02-DAL\02-DAL.csproj", "{9F8D93AE-AFAC-45BA-92BE-E085CCE94B00}"
EndProject
Project("{FAE04EC0-301F-11D3-BF4B-00C04F79EFBC}") = "04-Infrastructure", "04-Infrastructure\04-Infrastructure.csproj", "{95BB7489-DC28-4277-937B-983CB85AECA4}"
EndProject
Project("{FAE04EC0-301F-11D3-BF4B-00C04F79EFBC}") = "03-Domain", "03-Domain\03-Domain.csproj", "{483FB5BA-6B47-4FB0-8FAC-0BAA3D5E296C}"
EndProject
Project("{FAE04EC0-301F-11D3-BF4B-00C04F79EFBC}") = "00-UI", "00-UI\00-UI.csproj", "{8A27C64C-4C9D-4503-86BA-E0E82E766F47}"
EndProject
Global
	GlobalSection(SolutionConfigurationPlatforms) = preSolution
		Debug|Any CPU = Debug|Any CPU
		Release|Any CPU = Release|Any CPU
	EndGlobalSection
	GlobalSection(ProjectConfigurationPlatforms) = postSolution
		{D01F42CF-22E6-456E-BEB9-A4F6CE6E5242}.Debug|Any CPU.ActiveCfg = Debug|Any CPU
		{D01F42CF-22E6-456E-BEB9-A4F6CE6E5242}.Debug|Any CPU.Build.0 = Debug|Any CPU
		{D01F42CF-22E6-456E-BEB9-A4F6CE6E5242}.Release|Any CPU.ActiveCfg = Release|Any CPU
		{D01F42CF-22E6-456E-BEB9-A4F6CE6E5242}.Release|Any CPU.Build.0 = Release|Any CPU
		{9F8D93AE-AFAC-45BA-92BE-E085CCE94B00}.Debug|Any CPU.ActiveCfg = Debug|Any CPU
		{9F8D93AE-AFAC-45BA-92BE-E085CCE94B00}.Debug|Any CPU.Build.0 = Debug|Any CPU
		{9F8D93AE-AFAC-45BA-92BE-E085CCE94B00}.Release|Any CPU.ActiveCfg = Release|Any CPU
		{9F8D93AE-AFAC-45BA-92BE-E085CCE94B00}.Release|Any CPU.Build.0 = Release|Any CPU
		{95BB7489-DC28-4277-937B-983CB85AECA4}.Debug|Any CPU.ActiveCfg = Debug|Any CPU
		{95BB7489-DC28-4277-937B-983CB85AECA4}.Debug|Any CPU.Build.0 = Debug|Any CPU
		{95BB7489-DC28-4277-937B-983CB85AECA4}.Release|Any CPU.ActiveCfg = Release|Any CPU
		{95BB7489-DC28-4277-937B-983CB85AECA4}.Release|Any CPU.Build.0 = Release|Any CPU
		{483FB5BA-6B47-4FB0-8FAC-0BAA3D5E296C}.Debug|Any CPU.ActiveCfg = Debug|Any CPU
		{483FB5BA-6B47-4FB0-8FAC-0BAA3D5E296C}.Debug|Any CPU.Build.0 = Debug|Any CPU
		{483FB5BA-6B47-4FB0-8FAC-0BAA3D5E296C}.Release|Any CPU.ActiveCfg = Release|Any CPU
		{483FB5BA-6B47-4FB0-8FAC-0BAA3D5E296C}.Release|Any CPU.Build.0 = Release|Any CPU
		{8A27C64C-4C9D-4503-86BA-E0E82E766F47}.Debug|Any CPU.ActiveCfg = Debug|Any CPU
		{8A27C64C-4C9D-4503-86BA-E0E82E766F47}.Debug|Any CPU.Build.0 = Debug|Any CPU
		{8A27C64C-4C9D-4503-86BA-E0E82E766F47}.Release|Any CPU.ActiveCfg = Release|Any CPU
		{8A27C64C-4C9D-4503-86BA-E0E82E766F47}.Release|Any CPU.Build.0 = Release|Any CPU
	EndGlobalSection
	GlobalSection(SolutionProperties) = preSolution
		HideSolutionNode = FALSE
	EndGlobalSection
EndGlobal
