
Microsoft Visual Studio Solution File, Format Version 12.00
# Visual Studio 14
VisualStudioVersion = 14.0.24720.0
MinimumVisualStudioVersion = 10.0.40219.1
Project("{FAE04EC0-301F-11D3-BF4B-00C04F79EFBC}") = "ConsoleApplication6", "ConsoleApplication6\ConsoleApplication6.csproj", "{52580335-3C24-4F8E-B7A2-D44C00A06987}"
EndProject
Global
	GlobalSection(SolutionConfigurationPlatforms) = preSolution
		Debug|Any CPU = Debug|Any CPU
		Release|Any CPU = Release|Any CPU
	EndGlobalSection
	GlobalSection(ProjectConfigurationPlatforms) = postSolution
		{52580335-3C24-4F8E-B7A2-D44C00A06987}.Debug|Any CPU.ActiveCfg = Debug|Any CPU
		{52580335-3C24-4F8E-B7A2-D44C00A06987}.Debug|Any CPU.Build.0 = Debug|Any CPU
		{52580335-3C24-4F8E-B7A2-D44C00A06987}.Release|Any CPU.ActiveCfg = Release|Any CPU
		{52580335-3C24-4F8E-B7A2-D44C00A06987}.Release|Any CPU.Build.0 = Release|Any CPU
	EndGlobalSection
	GlobalSection(SolutionProperties) = preSolution
		HideSolutionNode = FALSE
	EndGlobalSection
EndGlobal
