
Microsoft Visual Studio Solution File, Format Version 12.00
# Visual Studio 14
VisualStudioVersion = 14.0.24720.0
MinimumVisualStudioVersion = 10.0.40219.1
Project("{FAE04EC0-301F-11D3-BF4B-00C04F79EFBC}") = "EmailForCallback", "EmailForCallback\EmailForCallback.csproj", "{3615A387-0893-4F23-B7AF-20CE722A714F}"
EndProject
Project("{FAE04EC0-301F-11D3-BF4B-00C04F79EFBC}") = "Cuscapi.Model", "Cuscapi.Model\Cuscapi.Model.csproj", "{1BD79FE5-AFB3-46FA-90B2-CF42FE0723B9}"
EndProject
Project("{FAE04EC0-301F-11D3-BF4B-00C04F79EFBC}") = "Cuscapi.Utils", "Cuscapi.Utils\Cuscapi.Utils.csproj", "{1239B21B-D5EB-4464-BE59-CB0747A43B9E}"
EndProject
Project("{FAE04EC0-301F-11D3-BF4B-00C04F79EFBC}") = "WindowsService", "WindowsService\WindowsService.csproj", "{A1EEDAB1-A882-4F18-B385-FC43E1D82564}"
EndProject
Project("{FAE04EC0-301F-11D3-BF4B-00C04F79EFBC}") = "WindowsServiceManageUI", "WindowsServiceManageUI\WindowsServiceManageUI.csproj", "{65B2210A-5B46-49F2-BDDF-559D82D63142}"
EndProject
Project("{FAE04EC0-301F-11D3-BF4B-00C04F79EFBC}") = "Cuscapi.BLL", "Cuscapi.BLL\Cuscapi.BLL.csproj", "{425C765E-7584-49D3-A52A-4658B4FFEF9C}"
EndProject
Project("{FAE04EC0-301F-11D3-BF4B-00C04F79EFBC}") = "Cuscapi.DAL", "Cuscapi.DAL\Cuscapi.DAL.csproj", "{D34F9744-220B-4B99-85E8-D89580E3CD2C}"
EndProject
Global
	GlobalSection(SolutionConfigurationPlatforms) = preSolution
		Debug|Any CPU = Debug|Any CPU
		Release|Any CPU = Release|Any CPU
	EndGlobalSection
	GlobalSection(ProjectConfigurationPlatforms) = postSolution
		{3615A387-0893-4F23-B7AF-20CE722A714F}.Debug|Any CPU.ActiveCfg = Debug|Any CPU
		{3615A387-0893-4F23-B7AF-20CE722A714F}.Debug|Any CPU.Build.0 = Debug|Any CPU
		{3615A387-0893-4F23-B7AF-20CE722A714F}.Release|Any CPU.ActiveCfg = Release|Any CPU
		{3615A387-0893-4F23-B7AF-20CE722A714F}.Release|Any CPU.Build.0 = Release|Any CPU
		{1BD79FE5-AFB3-46FA-90B2-CF42FE0723B9}.Debug|Any CPU.ActiveCfg = Debug|Any CPU
		{1BD79FE5-AFB3-46FA-90B2-CF42FE0723B9}.Debug|Any CPU.Build.0 = Debug|Any CPU
		{1BD79FE5-AFB3-46FA-90B2-CF42FE0723B9}.Release|Any CPU.ActiveCfg = Release|Any CPU
		{1BD79FE5-AFB3-46FA-90B2-CF42FE0723B9}.Release|Any CPU.Build.0 = Release|Any CPU
		{1239B21B-D5EB-4464-BE59-CB0747A43B9E}.Debug|Any CPU.ActiveCfg = Debug|Any CPU
		{1239B21B-D5EB-4464-BE59-CB0747A43B9E}.Debug|Any CPU.Build.0 = Debug|Any CPU
		{1239B21B-D5EB-4464-BE59-CB0747A43B9E}.Release|Any CPU.ActiveCfg = Release|Any CPU
		{1239B21B-D5EB-4464-BE59-CB0747A43B9E}.Release|Any CPU.Build.0 = Release|Any CPU
		{A1EEDAB1-A882-4F18-B385-FC43E1D82564}.Debug|Any CPU.ActiveCfg = Debug|Any CPU
		{A1EEDAB1-A882-4F18-B385-FC43E1D82564}.Debug|Any CPU.Build.0 = Debug|Any CPU
		{A1EEDAB1-A882-4F18-B385-FC43E1D82564}.Release|Any CPU.ActiveCfg = Release|Any CPU
		{A1EEDAB1-A882-4F18-B385-FC43E1D82564}.Release|Any CPU.Build.0 = Release|Any CPU
		{65B2210A-5B46-49F2-BDDF-559D82D63142}.Debug|Any CPU.ActiveCfg = Debug|Any CPU
		{65B2210A-5B46-49F2-BDDF-559D82D63142}.Debug|Any CPU.Build.0 = Debug|Any CPU
		{65B2210A-5B46-49F2-BDDF-559D82D63142}.Release|Any CPU.ActiveCfg = Release|Any CPU
		{65B2210A-5B46-49F2-BDDF-559D82D63142}.Release|Any CPU.Build.0 = Release|Any CPU
		{425C765E-7584-49D3-A52A-4658B4FFEF9C}.Debug|Any CPU.ActiveCfg = Debug|Any CPU
		{425C765E-7584-49D3-A52A-4658B4FFEF9C}.Debug|Any CPU.Build.0 = Debug|Any CPU
		{425C765E-7584-49D3-A52A-4658B4FFEF9C}.Release|Any CPU.ActiveCfg = Release|Any CPU
		{425C765E-7584-49D3-A52A-4658B4FFEF9C}.Release|Any CPU.Build.0 = Release|Any CPU
		{D34F9744-220B-4B99-85E8-D89580E3CD2C}.Debug|Any CPU.ActiveCfg = Debug|Any CPU
		{D34F9744-220B-4B99-85E8-D89580E3CD2C}.Debug|Any CPU.Build.0 = Debug|Any CPU
		{D34F9744-220B-4B99-85E8-D89580E3CD2C}.Release|Any CPU.ActiveCfg = Release|Any CPU
		{D34F9744-220B-4B99-85E8-D89580E3CD2C}.Release|Any CPU.Build.0 = Release|Any CPU
	EndGlobalSection
	GlobalSection(SolutionProperties) = preSolution
		HideSolutionNode = FALSE
	EndGlobalSection
EndGlobal
