
Microsoft Visual Studio Solution File, Format Version 12.00
# Visual Studio Version 16
VisualStudioVersion = 16.0.30709.132
MinimumVisualStudioVersion = 10.0.40219.1
Project("{FAE04EC0-301F-11D3-BF4B-00C04F79EFBC}") = "UnityDemoFrmework", "UnityDemoFrmework\UnityDemoFrmework.csproj", "{3EECD2AA-5149-4F1A-AD68-F05D0557A1EB}"
EndProject
Project("{FAE04EC0-301F-11D3-BF4B-00C04F79EFBC}") = "UnitySample", "UnitySample\UnitySample.csproj", "{9ADEA30B-5E67-47A3-BF5D-022425CD758B}"
EndProject
Global
	GlobalSection(SolutionConfigurationPlatforms) = preSolution
		Debug|Any CPU = Debug|Any CPU
		Release|Any CPU = Release|Any CPU
	EndGlobalSection
	GlobalSection(ProjectConfigurationPlatforms) = postSolution
		{3EECD2AA-5149-4F1A-AD68-F05D0557A1EB}.Debug|Any CPU.ActiveCfg = Debug|Any CPU
		{3EECD2AA-5149-4F1A-AD68-F05D0557A1EB}.Debug|Any CPU.Build.0 = Debug|Any CPU
		{3EECD2AA-5149-4F1A-AD68-F05D0557A1EB}.Release|Any CPU.ActiveCfg = Release|Any CPU
		{3EECD2AA-5149-4F1A-AD68-F05D0557A1EB}.Release|Any CPU.Build.0 = Release|Any CPU
		{9ADEA30B-5E67-47A3-BF5D-022425CD758B}.Debug|Any CPU.ActiveCfg = Debug|Any CPU
		{9ADEA30B-5E67-47A3-BF5D-022425CD758B}.Debug|Any CPU.Build.0 = Debug|Any CPU
		{9ADEA30B-5E67-47A3-BF5D-022425CD758B}.Release|Any CPU.ActiveCfg = Release|Any CPU
		{9ADEA30B-5E67-47A3-BF5D-022425CD758B}.Release|Any CPU.Build.0 = Release|Any CPU
	EndGlobalSection
	GlobalSection(SolutionProperties) = preSolution
		HideSolutionNode = FALSE
	EndGlobalSection
	GlobalSection(ExtensibilityGlobals) = postSolution
		SolutionGuid = {0334CEC3-4C19-4032-BFDB-294FCDB14156}
	EndGlobalSection
EndGlobal
